{
  "name": "genetic-math-solver",
  "version": "0.0.0",
  "lockfileVersion": 1,
  "requires": true,
  "dependencies": {
    "async": {
      "version": "1.5.2",
      "resolved": "https://registry.npmjs.org/async/-/async-1.5.2.tgz",
      "integrity": "sha1-7GphrlZIDAw8skHJVhjiCJL5Zyo="
    },
    "babel-runtime": {
      "version": "6.26.0",
      "resolved": "https://registry.npmjs.org/babel-runtime/-/babel-runtime-6.26.0.tgz",
      "integrity": "sha1-llxwWGaOgrVde/4E/yM3vItWR/4=",
      "requires": {
        "core-js": "^2.4.0",
        "regenerator-runtime": "^0.11.0"
      }
    },
    "big-integer": {
      "version": "1.6.43",
      "resolved": "https://registry.npmjs.org/big-integer/-/big-integer-1.6.43.tgz",
      "integrity": "sha512-9dULc9jsKmXl0Aeunug8wbF+58n+hQoFjqClN7WeZwGLh0XJUWyJJ9Ee+Ep+Ql/J9fRsTVaeThp8MhiCCrY0Jg=="
    },
    "big-rational": {
      "version": "0.10.9",
      "resolved": "https://registry.npmjs.org/big-rational/-/big-rational-0.10.9.tgz",
      "integrity": "sha512-BV45yRpXsaueexsg5vfIB+75yHavzHRa8vqgaCvcJMibpsWNr8aVA2EQh44aeQKtRbjBouS/UVavxv8eb8bYxQ==",
      "requires": {
        "big-integer": "^1.6.40"
      }
    },
    "bool-chance": {
      "version": "1.0.1",
      "resolved": "https://registry.npmjs.org/bool-chance/-/bool-chance-1.0.1.tgz",
      "integrity": "sha1-FZcIzjd+Bde8dyyFoJCPUwPRX6w="
    },
    "complex.js": {
      "version": "2.0.11",
      "resolved": "https://registry.npmjs.org/complex.js/-/complex.js-2.0.11.tgz",
      "integrity": "sha512-6IArJLApNtdg1P1dFtn3dnyzoZBEF0MwMnrfF1exSBRpZYoy4yieMkpZhQDC0uwctw48vii0CFVyHfpgZ/DfGw=="
    },
    "core-js": {
      "version": "2.6.5",
      "resolved": "https://registry.npmjs.org/core-js/-/core-js-2.6.5.tgz",
      "integrity": "sha512-klh/kDpwX8hryYL14M9w/xei6vrv6sE8gTHDG7/T/+SEovB/G4ejwcfE/CBzO6Edsu+OETZMZ3wcX/EjUkrl5A=="
    },
    "decimal.js": {
      "version": "10.2.0",
      "resolved": "https://registry.npmjs.org/decimal.js/-/decimal.js-10.2.0.tgz",
      "integrity": "sha512-vDPw+rDgn3bZe1+F/pyEwb1oMG2XTlRVgAa6B4KccTEpYgF8w6eQllVbQcfIJnZyvzFtFpxnpGtx8dd7DJp/Rw=="
    },
    "es6-promise": {
      "version": "2.3.0",
      "resolved": "https://registry.npmjs.org/es6-promise/-/es6-promise-2.3.0.tgz",
      "integrity": "sha1-lu258v2wGZWCKyY92KratnSBgbw="
    },
    "escape-latex": {
      "version": "1.2.0",
      "resolved": "https://registry.npmjs.org/escape-latex/-/escape-latex-1.2.0.tgz",
      "integrity": "sha512-nV5aVWW1K0wEiUIEdZ4erkGGH8mDxGyxSeqPzRNtWP7ataw+/olFObw7hujFWlVjNsaDFw5VZ5NzVSIqRgfTiw=="
    },
    "fraction.js": {
      "version": "4.0.12",
      "resolved": "https://registry.npmjs.org/fraction.js/-/fraction.js-4.0.12.tgz",
      "integrity": "sha512-8Z1K0VTG4hzYY7kA/1sj4/r1/RWLBD3xwReT/RCrUCbzPszjNQCCsy3ktkU/eaEqX3MYa4pY37a52eiBlPMlhA=="
    },
    "gene-lib": {
      "version": "1.0.2",
      "resolved": "https://registry.npmjs.org/gene-lib/-/gene-lib-1.0.2.tgz",
      "integrity": "sha512-xxmJP0RZq+fJTVgJOD51Pio3CD+vXFSSpUPoplZYCa0CkcDOUh72Z1XYhlc9BZEJcv/dX7dHOovnXmhy7Tx28w==",
      "requires": {
        "bool-chance": "^1.0.0",
        "lodash": "^4.17.4",
        "pasync": "^1.5.0",
        "xerror": "^1.1.2"
      }
    },
    "javascript-natural-sort": {
      "version": "0.7.1",
      "resolved": "https://registry.npmjs.org/javascript-natural-sort/-/javascript-natural-sort-0.7.1.tgz",
      "integrity": "sha1-+eIwPUUH9tdDVac2ZNFED7Wg71k="
    },
    "lodash": {
      "version": "4.17.15",
      "resolved": "https://registry.npmjs.org/lodash/-/lodash-4.17.15.tgz",
      "integrity": "sha512-8xOcRHvCjnocdS5cpwXQXVzmmh5e5+saE2QGoeQmbKmRS6J3VQppPOIt0MnmE+4xlZoumy0GPG0D0MVIQbNA1A=="
    },
    "mathjs": {
      "version": "5.10.3",
      "resolved": "https://registry.npmjs.org/mathjs/-/mathjs-5.10.3.tgz",
      "integrity": "sha512-ySjg30BC3dYjQm73ILZtwcWzFJde0VU6otkXW/57IjjuYRa3Qaf0Kb8pydEuBZYtqW2OxreAtsricrAmOj3jIw==",
      "requires": {
        "complex.js": "2.0.11",
        "decimal.js": "10.2.0",
        "escape-latex": "1.2.0",
        "fraction.js": "4.0.12",
        "javascript-natural-sort": "0.7.1",
        "seed-random": "2.2.0",
        "tiny-emitter": "2.1.0",
        "typed-function": "1.1.0"
      }
    },
    "neo-async": {
      "version": "0.6.5",
      "resolved": "https://registry.npmjs.org/neo-async/-/neo-async-0.6.5.tgz",
      "integrity": "sha1-x0tQn31AEAnJAjA0WZngxhxnmNQ="
    },
    "ow": {
      "version": "0.4.0",
      "resolved": "https://registry.npmjs.org/ow/-/ow-0.4.0.tgz",
      "integrity": "sha512-kJNzxUgVd6EF5LoGs+s2/etJPwjfRDLXPTCfEgV8At77sRrV+PSFA8lcoW2HF15Qd455mIR2Stee/2MzDiFBDA=="
    },
    "ow-lite": {
      "version": "0.0.2",
      "resolved": "https://registry.npmjs.org/ow-lite/-/ow-lite-0.0.2.tgz",
      "integrity": "sha1-359QDmdAtlkKHpqWVzDUmo61l9E="
    },
    "pasync": {
      "version": "1.5.0",
      "resolved": "https://registry.npmjs.org/pasync/-/pasync-1.5.0.tgz",
      "integrity": "sha1-38UiZAxDL69HJDv/Ok26Ky72ApI=",
      "requires": {
        "async": "^1.3.0",
        "es6-promise": "^2.0.1",
        "neo-async": "^0.6.2"
      }
    },
    "random": {
      "version": "2.1.1",
      "resolved": "https://registry.npmjs.org/random/-/random-2.1.1.tgz",
      "integrity": "sha512-8HQriGPwjc8R+7hPOI9ZphAEEWmIt/RmuqXZ682ww9kjK5HRGXcN7hgWUxZ9AabgjZm5wIa6EwapTI1sg11XXg==",
      "requires": {
        "babel-runtime": "^6.26.0",
        "ow": "^0.4.0",
        "ow-lite": "^0.0.2",
        "seedrandom": "^2.4.4"
      }
    },
    "regenerator-runtime": {
      "version": "0.11.1",
      "resolved": "https://registry.npmjs.org/regenerator-runtime/-/regenerator-runtime-0.11.1.tgz",
      "integrity": "sha512-MguG95oij0fC3QV3URf4V2SDYGJhJnJGqvIIgdECeODCT98wSWDAJ94SSuVpYQUoTcGUIL6L4yNB7j1DFFHSBg=="
    },
    "seed-random": {
      "version": "2.2.0",
      "resolved": "https://registry.npmjs.org/seed-random/-/seed-random-2.2.0.tgz",
      "integrity": "sha1-KpsZ4lCoFwmSMaW5mk2vgLf77VQ="
    },
    "seedrandom": {
      "version": "2.4.4",
      "resolved": "https://registry.npmjs.org/seedrandom/-/seedrandom-2.4.4.tgz",
      "integrity": "sha512-9A+PDmgm+2du77B5i0Ip2cxOqqHjgNxnBgglxLcX78A2D6c2rTo61z4jnVABpF4cKeDMDG+cmXXvdnqse2VqMA=="
    },
    "tiny-emitter": {
      "version": "2.1.0",
      "resolved": "https://registry.npmjs.org/tiny-emitter/-/tiny-emitter-2.1.0.tgz",
      "integrity": "sha512-NB6Dk1A9xgQPMoGqC5CVXn123gWyte215ONT5Pp5a0yt4nlEoO1ZWeCwpncaekPHXO60i47ihFnZPiRPjRMq4Q=="
    },
    "typed-function": {
      "version": "1.1.0",
      "resolved": "https://registry.npmjs.org/typed-function/-/typed-function-1.1.0.tgz",
      "integrity": "sha512-TuQzwiT4DDg19beHam3E66oRXhyqlyfgjHB/5fcvsRXbfmWPJfto9B4a0TBdTrQAPGlGmXh/k7iUI+WsObgORA=="
    },
    "xerror": {
      "version": "1.1.3",
      "resolved": "https://registry.npmjs.org/xerror/-/xerror-1.1.3.tgz",
      "integrity": "sha512-2l5hmDymDUIuKT53v/nYxofTMUDQuu5P/Y3qHOjQiih6QUHBCgWpbpL3I8BoE5TVfUVTMmUQ0jdUAimTGc9UIg=="
    }
  }
}
